
Microsoft Visual Studio Solution File, Format Version 12.00
# Visual Studio Version 17
VisualStudioVersion = 17.14.36408.4
MinimumVisualStudioVersion = 10.0.40219.1
Project("{2150E333-8FDC-42A3-9474-1A3956D46DE8}") = "src", "src", "{02EA681E-C7D8-13C7-8484-4AC65E1B71E8}"
EndProject
Project("{2150E333-8FDC-42A3-9474-1A3956D46DE8}") = "test", "test", "{DFFA196E-E84B-4A8B-9EE5-00553D52A5D9}"
EndProject
Project("{2150E333-8FDC-42A3-9474-1A3956D46DE8}") = "frontend", "frontend", "{F17F7E94-CA92-4493-925B-5B88DBFD5B4E}"
EndProject
Project("{2150E333-8FDC-42A3-9474-1A3956D46DE8}") = "backend", "backend", "{9B310376-18DD-4E8E-9C34-C475DBC576A5}"
EndProject
Project("{2150E333-8FDC-42A3-9474-1A3956D46DE8}") = "src", "src", "{3B97B646-AD45-46A4-B414-62DE0354394B}"
EndProject
Project("{2150E333-8FDC-42A3-9474-1A3956D46DE8}") = "test", "test", "{37655BD0-6B2D-4DD9-A2B2-15D833D7A558}"
EndProject
Project("{2150E333-8FDC-42A3-9474-1A3956D46DE8}") = "apps", "apps", "{B9178864-4CB1-4200-B416-6E076EFE1F88}"
EndProject
Project("{FAE04EC0-301F-11D3-BF4B-00C04F79EFBC}") = "Morning.Value.Web.Site", "apps\frontend\src\Morning.Value.Web.Site\Morning.Value.Web.Site.csproj", "{F483C1F2-7F74-DE8C-0D21-DC28C2E562A9}"
EndProject
Project("{FAE04EC0-301F-11D3-BF4B-00C04F79EFBC}") = "Morning.Value.Application", "apps\backend\src\Morning.Value.Application\Morning.Value.Application.csproj", "{3C116E13-E880-4611-9628-4C7F9AE82980}"
EndProject
Project("{FAE04EC0-301F-11D3-BF4B-00C04F79EFBC}") = "Morning.Value.Domain", "apps\backend\src\Morning.Value.Domain\Morning.Value.Domain.csproj", "{4AC27358-4674-4C9D-8B55-9CC49D5EDFBA}"
EndProject
Project("{FAE04EC0-301F-11D3-BF4B-00C04F79EFBC}") = "Morning.Value.Infrastructure", "apps\backend\src\Morning.Value.Infrastructure\Morning.Value.Infrastructure.csproj", "{568496B6-1449-4372-B441-24230E82F67E}"
EndProject
Project("{FAE04EC0-301F-11D3-BF4B-00C04F79EFBC}") = "Morning.Value.Domain.Test", "apps\backend\test\Morning.Value.Domain.Test\Morning.Value.Domain.Test.csproj", "{A009A077-A84F-41F4-A6D1-A074C7A3CA7C}"
EndProject
Global
	GlobalSection(SolutionConfigurationPlatforms) = preSolution
		Debug|Any CPU = Debug|Any CPU
		Release|Any CPU = Release|Any CPU
	EndGlobalSection
	GlobalSection(ProjectConfigurationPlatforms) = postSolution
		{F483C1F2-7F74-DE8C-0D21-DC28C2E562A9}.Debug|Any CPU.ActiveCfg = Debug|Any CPU
		{F483C1F2-7F74-DE8C-0D21-DC28C2E562A9}.Debug|Any CPU.Build.0 = Debug|Any CPU
		{F483C1F2-7F74-DE8C-0D21-DC28C2E562A9}.Release|Any CPU.ActiveCfg = Release|Any CPU
		{F483C1F2-7F74-DE8C-0D21-DC28C2E562A9}.Release|Any CPU.Build.0 = Release|Any CPU
		{3C116E13-E880-4611-9628-4C7F9AE82980}.Debug|Any CPU.ActiveCfg = Debug|Any CPU
		{3C116E13-E880-4611-9628-4C7F9AE82980}.Debug|Any CPU.Build.0 = Debug|Any CPU
		{3C116E13-E880-4611-9628-4C7F9AE82980}.Release|Any CPU.ActiveCfg = Release|Any CPU
		{3C116E13-E880-4611-9628-4C7F9AE82980}.Release|Any CPU.Build.0 = Release|Any CPU
		{4AC27358-4674-4C9D-8B55-9CC49D5EDFBA}.Debug|Any CPU.ActiveCfg = Debug|Any CPU
		{4AC27358-4674-4C9D-8B55-9CC49D5EDFBA}.Debug|Any CPU.Build.0 = Debug|Any CPU
		{4AC27358-4674-4C9D-8B55-9CC49D5EDFBA}.Release|Any CPU.ActiveCfg = Release|Any CPU
		{4AC27358-4674-4C9D-8B55-9CC49D5EDFBA}.Release|Any CPU.Build.0 = Release|Any CPU
		{568496B6-1449-4372-B441-24230E82F67E}.Debug|Any CPU.ActiveCfg = Debug|Any CPU
		{568496B6-1449-4372-B441-24230E82F67E}.Debug|Any CPU.Build.0 = Debug|Any CPU
		{568496B6-1449-4372-B441-24230E82F67E}.Release|Any CPU.ActiveCfg = Release|Any CPU
		{568496B6-1449-4372-B441-24230E82F67E}.Release|Any CPU.Build.0 = Release|Any CPU
		{A009A077-A84F-41F4-A6D1-A074C7A3CA7C}.Debug|Any CPU.ActiveCfg = Debug|Any CPU
		{A009A077-A84F-41F4-A6D1-A074C7A3CA7C}.Debug|Any CPU.Build.0 = Debug|Any CPU
		{A009A077-A84F-41F4-A6D1-A074C7A3CA7C}.Release|Any CPU.ActiveCfg = Release|Any CPU
		{A009A077-A84F-41F4-A6D1-A074C7A3CA7C}.Release|Any CPU.Build.0 = Release|Any CPU
	EndGlobalSection
	GlobalSection(SolutionProperties) = preSolution
		HideSolutionNode = FALSE
	EndGlobalSection
	GlobalSection(NestedProjects) = preSolution
		{02EA681E-C7D8-13C7-8484-4AC65E1B71E8} = {9B310376-18DD-4E8E-9C34-C475DBC576A5}
		{DFFA196E-E84B-4A8B-9EE5-00553D52A5D9} = {9B310376-18DD-4E8E-9C34-C475DBC576A5}
		{F17F7E94-CA92-4493-925B-5B88DBFD5B4E} = {B9178864-4CB1-4200-B416-6E076EFE1F88}
		{9B310376-18DD-4E8E-9C34-C475DBC576A5} = {B9178864-4CB1-4200-B416-6E076EFE1F88}
		{3B97B646-AD45-46A4-B414-62DE0354394B} = {F17F7E94-CA92-4493-925B-5B88DBFD5B4E}
		{37655BD0-6B2D-4DD9-A2B2-15D833D7A558} = {F17F7E94-CA92-4493-925B-5B88DBFD5B4E}
		{F483C1F2-7F74-DE8C-0D21-DC28C2E562A9} = {3B97B646-AD45-46A4-B414-62DE0354394B}
		{3C116E13-E880-4611-9628-4C7F9AE82980} = {02EA681E-C7D8-13C7-8484-4AC65E1B71E8}
		{4AC27358-4674-4C9D-8B55-9CC49D5EDFBA} = {02EA681E-C7D8-13C7-8484-4AC65E1B71E8}
		{568496B6-1449-4372-B441-24230E82F67E} = {02EA681E-C7D8-13C7-8484-4AC65E1B71E8}
		{A009A077-A84F-41F4-A6D1-A074C7A3CA7C} = {DFFA196E-E84B-4A8B-9EE5-00553D52A5D9}
	EndGlobalSection
	GlobalSection(ExtensibilityGlobals) = postSolution
		SolutionGuid = {A09151B9-2D67-4CE3-B940-1666F8D5A1F9}
	EndGlobalSection
EndGlobal
